<?xml version="1.0" encoding="utf-8"?>
<Project ToolsVersion="4.0" xmlns="http://schemas.microsoft.com/developer/msbuild/2003">
  <ItemGroup>
    <Filter Include="Source Files">
      <UniqueIdentifier>{4FC737F1-C7A5-4376-A066-2A32D752A2FF}</UniqueIdentifier>
      <Extensions>cpp;c;cc;cxx;def;odl;idl;hpj;bat;asm;asmx</Extensions>
    </Filter>
    <Filter Include="Header Files">
      <UniqueIdentifier>{93995380-89BD-4b04-88EB-625FBE52EBFB}</UniqueIdentifier>
      <Extensions>h;hh;hpp;hxx;hm;inl;inc;xsd</Extensions>
    </Filter>
    <Filter Include="Resource Files">
      <UniqueIdentifier>{67DA6AB6-F800-4c08-8B7A-83BB121AAD01}</UniqueIdentifier>
      <Extensions>rc;ico;cur;bmp;dlg;rc2;rct;bin;rgs;gif;jpg;jpeg;jpe;resx;tiff;tif;png;wav;mfcribbon-ms</Extensions>
    </Filter>
    <Filter Include="Header Files\actions">
      <UniqueIdentifier>{0a4f7fbe-5710-4933-b849-16ce9a9fcab6}</UniqueIdentifier>
    </Filter>
    <Filter Include="Source Files\actions">
      <UniqueIdentifier>{3a397c4b-77cd-4b02-9866-115bc0c7fcd3}</UniqueIdentifier>
    </Filter>
  </ItemGroup>
  <ItemGroup>
    <ClInclude Include="stdafx.h">
      <Filter>Header Files</Filter>
    </ClInclude>
    <ClInclude Include="targetver.h">
      <Filter>Header Files</Filter>
    </ClInclude>
    <ClInclude Include="resource.h">
      <Filter>Header Files</Filter>
    </ClInclude>
    <ClInclude Include="arpgpad.h">
      <Filter>Header Files</Filter>
    </ClInclude>
    <ClInclude Include="controller.h">
      <Filter>Header Files</Filter>
    </ClInclude>
    <ClInclude Include="vec2.h">
      <Filter>Header Files</Filter>
    </ClInclude>
    <ClInclude Include="controller_provider.h">
      <Filter>Header Files</Filter>
    </ClInclude>
    <ClInclude Include="controller_provider_xinput.h">
      <Filter>Header Files</Filter>
    </ClInclude>
    <ClInclude Include="logging_controller_delegate.h">
      <Filter>Header Files</Filter>
    </ClInclude>
    <ClInclude Include="log.h">
      <Filter>Header Files</Filter>
    </ClInclude>
    <ClInclude Include="action.h">
      <Filter>Header Files</Filter>
    </ClInclude>
    <ClInclude Include="input_handler.h">
      <Filter>Header Files</Filter>
    </ClInclude>
    <ClInclude Include="keyboard.h">
      <Filter>Header Files</Filter>
    </ClInclude>
    <ClInclude Include="mouse.h">
      <Filter>Header Files</Filter>
    </ClInclude>
    <ClInclude Include="scoped_destructor.h">
      <Filter>Header Files</Filter>
    </ClInclude>
    <ClInclude Include="scoped_keyboard.h">
      <Filter>Header Files</Filter>
    </ClInclude>
    <ClInclude Include="send_input_keyboard_mouse.h">
      <Filter>Header Files</Filter>
    </ClInclude>
    <ClInclude Include="scoped_mouse.h">
      <Filter>Header Files</Filter>
    </ClInclude>
    <ClInclude Include="actions\key_press.h">
      <Filter>Header Files\actions</Filter>
    </ClInclude>
    <ClInclude Include="runner.h">
      <Filter>Header Files</Filter>
    </ClInclude>
  </ItemGroup>
  <ItemGroup>
    <ClCompile Include="stdafx.cpp">
      <Filter>Source Files</Filter>
    </ClCompile>
    <ClCompile Include="arpgpad.cpp">
      <Filter>Source Files</Filter>
    </ClCompile>
    <ClCompile Include="controller_provider_xinput.cpp">
      <Filter>Source Files</Filter>
    </ClCompile>
    <ClCompile Include="logging_controller_delegate.cpp">
      <Filter>Source Files</Filter>
    </ClCompile>
    <ClCompile Include="controller.cpp">
      <Filter>Source Files</Filter>
    </ClCompile>
    <ClCompile Include="log.cpp">
      <Filter>Source Files</Filter>
    </ClCompile>
    <ClCompile Include="input_handler.cpp">
      <Filter>Source Files</Filter>
    </ClCompile>
    <ClCompile Include="keyboard.cpp">
      <Filter>Source Files</Filter>
    </ClCompile>
    <ClCompile Include="mouse.cpp">
      <Filter>Source Files</Filter>
    </ClCompile>
    <ClCompile Include="scoped_keyboard.cpp">
      <Filter>Source Files</Filter>
    </ClCompile>
    <ClCompile Include="send_input_keyboard_mouse.cpp">
      <Filter>Source Files</Filter>
    </ClCompile>
    <ClCompile Include="scoped_mouse.cpp">
      <Filter>Source Files</Filter>
    </ClCompile>
    <ClCompile Include="actions\key_press.cpp">
      <Filter>Source Files\actions</Filter>
    </ClCompile>
    <ClCompile Include="runner.cpp">
      <Filter>Source Files</Filter>
    </ClCompile>
  </ItemGroup>
  <ItemGroup>
    <ResourceCompile Include="arpgpad.rc">
      <Filter>Resource Files</Filter>
    </ResourceCompile>
  </ItemGroup>
  <ItemGroup>
    <Image Include="small.ico">
      <Filter>Resource Files</Filter>
    </Image>
    <Image Include="arpgpad.ico">
      <Filter>Resource Files</Filter>
    </Image>
  </ItemGroup>
</Project>